{
  "name": "threadline",
  "version": "0.1.0",
  "lockfileVersion": 3,
  "requires": true,
  "packages": {
    "": {
      "name": "threadline",
      "version": "0.1.0",
      "devDependencies": {
        "@tauri-apps/cli": "^2.11.5",
        "pdfjs-dist": "^4.10.38"
      }
    },
    "node_modules/@napi-rs/canvas": {
      "version": "0.1.100",
      "resolved": "https://registry.npmjs.org/@napi-rs/canvas/-/canvas-0.1.100.tgz",
      "integrity": "sha512-xglYA6q3XO5P3BNJYxVZ1IV7DLVjp1Py6nwag88YntrS+3vKHyYcMqXVS4ZztJmwz2uGvz1FWhI/4LgbR5uQDA==",
      "dev": true,
      "license": "MIT",
      "optional": true,
      "workspaces": [
        "e2e/*"
      ],
      "engines": {
        "node": ">= 10"
      },
      "funding": {
        "type": "github",
        "url": "https://github.com/sponsors/Brooooooklyn"
      },
      "optionalDependencies": {
        "@napi-rs/canvas-android-arm64": "0.1.100",
        "@napi-rs/canvas-darwin-arm64": "0.1.100",
        "@napi-rs/canvas-darwin-x64": "0.1.100",
        "@napi-rs/canvas-linux-arm-gnueabihf": "0.1.100",
        "@napi-rs/canvas-linux-arm64-gnu": "0.1.100",
        "@napi-rs/canvas-linux-arm64-musl": "0.1.100",
        "@napi-rs/canvas-linux-riscv64-gnu": "0.1.100",
        "@napi-rs/canvas-linux-x64-gnu": "0.1.100",
        "@napi-rs/canvas-linux-x64-musl": "0.1.100",
        "@napi-rs/canvas-win32-arm64-msvc": "0.1.100",
        "@napi-rs/canvas-win32-x64-msvc": "0.1.100"
      }
    },
    "node_modules/@napi-rs/canvas-android-arm64": {
      "version": "0.1.100",
      "resolved": "https://registry.npmjs.org/@napi-rs/canvas-android-arm64/-/canvas-android-arm64-0.1.100.tgz",
      "integrity": "sha512-hjhCKhntPv9+t4ckHymdx0phYNcVW+GKQR6Lzw2zE+pOVjOplSmtx9nNNknTjbEDLcuLZqA1y8ufKg1XfgftzQ==",
      "cpu": [
        "arm64"
      ],
      "dev": true,
      "license": "MIT",
      "optional": true,
      "os": [
        "android"
      ],
      "engines": {
        "node": ">= 10"
      },
      "funding": {
        "type": "github",
        "url": "https://github.com/sponsors/Brooooooklyn"
      }
    },
    "node_modules/@napi-rs/canvas-darwin-arm64": {
      "version": "0.1.100",
      "resolved": "https://registry.npmjs.org/@napi-rs/canvas-darwin-arm64/-/canvas-darwin-arm64-0.1.100.tgz",
      "integrity": "sha512-2PcswRaC7Ly645DGt88///zuFDhJxJYdKAs1uU3mfk1atYkXufgcgLfBpk6Tm12nCQBaNt1wpybuPZ4qOhTo8A==",
      "cpu": [
        "arm64"
      ],
      "dev": true,
      "license": "MIT",
      "optional": true,
      "os": [
        "darwin"
      ],
      "engines": {
        "node": ">= 10"
      },
      "funding": {
        "type": "github",
        "url": "https://github.com/sponsors/Brooooooklyn"
      }
    },
    "node_modules/@napi-rs/canvas-darwin-x64": {
      "version": "0.1.100",
      "resolved": "https://registry.npmjs.org/@napi-rs/canvas-darwin-x64/-/canvas-darwin-x64-0.1.100.tgz",
      "integrity": "sha512-ePNZtj7pNIva/siZMg+HmbeozkIjqUIYdoymH8HaA3qK7LfzFN4WMBM8G6HQ9ZC+H3+Dnn5pqtiXpgLykaPOhw==",
      "cpu": [
        "x64"
      ],
      "dev": true,
      "license": "MIT",
      "optional": true,
      "os": [
        "darwin"
      ],
      "engines": {
        "node": ">= 10"
      },
      "funding": {
        "type": "github",
        "url": "https://github.com/sponsors/Brooooooklyn"
      }
    },
    "node_modules/@napi-rs/canvas-linux-arm-gnueabihf": {
      "version": "0.1.100",
      "resolved": "https://registry.npmjs.org/@napi-rs/canvas-linux-arm-gnueabihf/-/canvas-linux-arm-gnueabihf-0.1.100.tgz",
      "integrity": "sha512-d5cDB48oWFGU8/XPhUOFAlySgb/VAu7D+s8fi55K1Pcfg8aPplHWqMgibhVLU8ky7Pyg/fuiVLz4Nf3JrSTuUA==",
      "cpu": [
        "arm"
      ],
      "dev": true,
      "license": "MIT",
      "optional": true,
      "os": [
        "linux"
      ],
      "engines": {
        "node": ">= 10"
      },
      "funding": {
        "type": "github",
        "url": "https://github.com/sponsors/Brooooooklyn"
      }
    },
    "node_modules/@napi-rs/canvas-linux-arm64-gnu": {
      "version": "0.1.100",
      "resolved": "https://registry.npmjs.org/@napi-rs/canvas-linux-arm64-gnu/-/canvas-linux-arm64-gnu-0.1.100.tgz",
      "integrity": "sha512-rDxgxRu69RvDlX/bh9o22DxLsGr8EqsNgotL9+RwQE1S0b0cqeatqsw6aW45mukm0B42DIAaAacKaYQ8cqS1nw==",
      "cpu": [
        "arm64"
      ],
      "dev": true,
      "license": "MIT",
      "optional": true,
      "os": [
        "linux"
      ],
      "engines": {
        "node": ">= 10"
      },
      "funding": {
        "type": "github",
        "url": "https://github.com/sponsors/Brooooooklyn"
      }
    },
    "node_modules/@napi-rs/canvas-linux-arm64-musl": {
      "version": "0.1.100",
      "resolved": "https://registry.npmjs.org/@napi-rs/canvas-linux-arm64-musl/-/canvas-linux-arm64-musl-0.1.100.tgz",
      "integrity": "sha512-K3mDW66N+xT2/V439u1alFANiBUjdEx2gLiNYnCmUsva5jZMxWTjafBYwTzYK+EMFMHrUoabuU+T1BIP5CgbYQ==",
      "cpu": [
        "arm64"
      ],
      "dev": true,
      "license": "MIT",
      "optional": true,
      "os": [
        "linux"
      ],
      "engines": {
        "node": ">= 10"
      },
      "funding": {
        "type": "github",
        "url": "https://github.com/sponsors/Brooooooklyn"
      }
    },
    "node_modules/@napi-rs/canvas-linux-riscv64-gnu": {
      "version": "0.1.100",
      "resolved": "https://registry.npmjs.org/@napi-rs/canvas-linux-riscv64-gnu/-/canvas-linux-riscv64-gnu-0.1.100.tgz",
      "integrity": "sha512-mooqUBTIsccZpnoQC4NgrC1v6C1vof39etLNMnBwCY+p0gajWJvAHLGQ6g/gGyS5YrpDW+GefSN4+Cvcr08UWw==",
      "cpu": [
        "riscv64"
      ],
      "dev": true,
      "license": "MIT",
      "optional": true,
      "os": [
        "linux"
      ],
      "engines": {
        "node": ">= 10"
      },
      "funding": {
        "type": "github",
        "url": "https://github.com/sponsors/Brooooooklyn"
      }
    },
    "node_modules/@napi-rs/canvas-linux-x64-gnu": {
      "version": "0.1.100",
      "resolved": "https://registry.npmjs.org/@napi-rs/canvas-linux-x64-gnu/-/canvas-linux-x64-gnu-0.1.100.tgz",
      "integrity": "sha512-1eCvkDCazm7FFhsT7DfGOdSaHgZVK3bt/dSBl5EWHOWmnz+I7j8tPseJqqD81NF+MH21jKUK4wQSDjN0mdhnTg==",
      "cpu": [
        "x64"
      ],
      "dev": true,
      "license": "MIT",
      "optional": true,
      "os": [
        "linux"
      ],
      "engines": {
        "node": ">= 10"
      },
      "funding": {
        "type": "github",
        "url": "https://github.com/sponsors/Brooooooklyn"
      }
    },
    "node_modules/@napi-rs/canvas-linux-x64-musl": {
      "version": "0.1.100",
      "resolved": "https://registry.npmjs.org/@napi-rs/canvas-linux-x64-musl/-/canvas-linux-x64-musl-0.1.100.tgz",
      "integrity": "sha512-20arT6lnI19S68qNlii73TSEDbECNgzMz2EpldC1V3mZFuRkeujXkcebRk0LRJe9SEUAooYiLokfMViY8IX7yA==",
      "cpu": [
        "x64"
      ],
      "dev": true,
      "license": "MIT",
      "optional": true,
      "os": [
        "linux"
      ],
      "engines": {
        "node": ">= 10"
      },
      "funding": {
        "type": "github",
        "url": "https://github.com/sponsors/Brooooooklyn"
      }
    },
    "node_modules/@napi-rs/canvas-win32-arm64-msvc": {
      "version": "0.1.100",
      "resolved": "https://registry.npmjs.org/@napi-rs/canvas-win32-arm64-msvc/-/canvas-win32-arm64-msvc-0.1.100.tgz",
      "integrity": "sha512-DZFFT1wIAg37LJw37yhMRFfjATd3vTQzjZ1Yki8u2vhO6Hi5VE6BVaGQ1aaDu7xb4iMErz+9EOwjpS7xcxFeBw==",
      "cpu": [
        "arm64"
      ],
      "dev": true,
      "license": "MIT",
      "optional": true,
      "os": [
        "win32"
      ],
      "engines": {
        "node": ">= 10"
      },
      "funding": {
        "type": "github",
        "url": "https://github.com/sponsors/Brooooooklyn"
      }
    },
    "node_modules/@napi-rs/canvas-win32-x64-msvc": {
      "version": "0.1.100",
      "resolved": "https://registry.npmjs.org/@napi-rs/canvas-win32-x64-msvc/-/canvas-win32-x64-msvc-0.1.100.tgz",
      "integrity": "sha512-MyT1j3mHC2+Lu4pBi9mKyMJhtP6U7k7EldY7sj/uS5gJA65gTXt8MefJQXLJo5d/vZbuWmfxzkEUNc/urV3pHA==",
      "cpu": [
        "x64"
      ],
      "dev": true,
      "license": "MIT",
      "optional": true,
      "os": [
        "win32"
      ],
      "engines": {
        "node": ">= 10"
      },
      "funding": {
        "type": "github",
        "url": "https://github.com/sponsors/Brooooooklyn"
      }
    },
    "node_modules/@tauri-apps/cli": {
      "version": "2.11.5",
      "resolved": "https://registry.npmjs.org/@tauri-apps/cli/-/cli-2.11.5.tgz",
      "integrity": "sha512-YbeJ6tctNoo40purO4u3Eeo3RVqmsjJr0NoKQRu+4pvO4gMLzkjta7x0k96SxSLmx+rQ+8um1ThOlw+HLpgFug==",
      "dev": true,
      "license": "Apache-2.0 OR MIT",
      "bin": {
        "tauri": "tauri.js"
      },
      "engines": {
        "node": ">= 10"
      },
      "funding": {
        "type": "opencollective",
        "url": "https://opencollective.com/tauri"
      },
      "optionalDependencies": {
        "@tauri-apps/cli-darwin-arm64": "2.11.5",
        "@tauri-apps/cli-darwin-x64": "2.11.5",
        "@tauri-apps/cli-linux-arm-gnueabihf": "2.11.5",
        "@tauri-apps/cli-linux-arm64-gnu": "2.11.5",
        "@tauri-apps/cli-linux-arm64-musl": "2.11.5",
        "@tauri-apps/cli-linux-riscv64-gnu": "2.11.5",
        "@tauri-apps/cli-linux-x64-gnu": "2.11.5",
        "@tauri-apps/cli-linux-x64-musl": "2.11.5",
        "@tauri-apps/cli-win32-arm64-msvc": "2.11.5",
        "@tauri-apps/cli-win32-ia32-msvc": "2.11.5",
        "@tauri-apps/cli-win32-x64-msvc": "2.11.5"
      }
    },
    "node_modules/@tauri-apps/cli-darwin-arm64": {
      "version": "2.11.5",
      "resolved": "https://registry.npmjs.org/@tauri-apps/cli-darwin-arm64/-/cli-darwin-arm64-2.11.5.tgz",
      "integrity": "sha512-tggOiVOohjIHdiElbjeBfB41s6cmfsq+ZQ0PX0fEtCdsDdZ9cCi54e5gNK7tdPbR6JbdDe7RA4kbQdyyBUUk/Q==",
      "cpu": [
        "arm64"
      ],
      "dev": true,
      "license": "Apache-2.0 OR MIT",
      "optional": true,
      "os": [
        "darwin"
      ],
      "engines": {
        "node": ">= 10"
      }
    },
    "node_modules/@tauri-apps/cli-darwin-x64": {
      "version": "2.11.5",
      "resolved": "https://registry.npmjs.org/@tauri-apps/cli-darwin-x64/-/cli-darwin-x64-2.11.5.tgz",
      "integrity": "sha512-SrO+KCbqvG1IvVPdlzQX4GEGZRQDISrmDY9bGcW68DLVFBCC06H+Loz6oyUZETUxsSMR6B4oDfvbQVgD4hxsqQ==",
      "cpu": [
        "x64"
      ],
      "dev": true,
      "license": "Apache-2.0 OR MIT",
      "optional": true,
      "os": [
        "darwin"
      ],
      "engines": {
        "node": ">= 10"
      }
    },
    "node_modules/@tauri-apps/cli-linux-arm-gnueabihf": {
      "version": "2.11.5",
      "resolved": "https://registry.npmjs.org/@tauri-apps/cli-linux-arm-gnueabihf/-/cli-linux-arm-gnueabihf-2.11.5.tgz",
      "integrity": "sha512-qLrOaCa8hLD5QVPQRjAgOXvhlTFKXmTliVF773GgvADYcWZSdmncnF5zBFAkdu1uQK8KfQbDlBUwqQYZqBfBRQ==",
      "cpu": [
        "arm"
      ],
      "dev": true,
      "license": "Apache-2.0 OR MIT",
      "optional": true,
      "os": [
        "linux"
      ],
      "engines": {
        "node": ">= 10"
      }
    },
    "node_modules/@tauri-apps/cli-linux-arm64-gnu": {
      "version": "2.11.5",
      "resolved": "https://registry.npmjs.org/@tauri-apps/cli-linux-arm64-gnu/-/cli-linux-arm64-gnu-2.11.5.tgz",
      "integrity": "sha512-Tq32xpQjiQEdIrvwDq7lwHhXemn070CXWdbCvr9rdi9rsv9NFTbQ6izVSIfNE+59QaerxuwtUtZ5IxDNWaoYBw==",
      "cpu": [
        "arm64"
      ],
      "dev": true,
      "license": "Apache-2.0 OR MIT",
      "optional": true,
      "os": [
        "linux"
      ],
      "engines": {
        "node": ">= 10"
      }
    },
    "node_modules/@tauri-apps/cli-linux-arm64-musl": {
      "version": "2.11.5",
      "resolved": "https://registry.npmjs.org/@tauri-apps/cli-linux-arm64-musl/-/cli-linux-arm64-musl-2.11.5.tgz",
      "integrity": "sha512-+OdWKj5Aq+C8HXypQ4t926V8cpVnc0ZcJIdhTXWjVAJHkaNuo8EuQR6KRZKHWIbJJgKdMPCDosvwzIFaBBqHKQ==",
      "cpu": [
        "arm64"
      ],
      "dev": true,
      "license": "Apache-2.0 OR MIT",
      "optional": true,
      "os": [
        "linux"
      ],
      "engines": {
        "node": ">= 10"
      }
    },
    "node_modules/@tauri-apps/cli-linux-riscv64-gnu": {
      "version": "2.11.5",
      "resolved": "https://registry.npmjs.org/@tauri-apps/cli-linux-riscv64-gnu/-/cli-linux-riscv64-gnu-2.11.5.tgz",
      "integrity": "sha512-Q0V2hjpllyDW8dWQZSsITuQDfcY9BpBZuhXkMa2T5AFLZAn+FJPXQSyvnxWNVxRowdQ59Xn0QVtGm6HEHNUEvw==",
      "cpu": [
        "riscv64"
      ],
      "dev": true,
      "license": "Apache-2.0 OR MIT",
      "optional": true,
      "os": [
        "linux"
      ],
      "engines": {
        "node": ">= 10"
      }
    },
    "node_modules/@tauri-apps/cli-linux-x64-gnu": {
      "version": "2.11.5",
      "resolved": "https://registry.npmjs.org/@tauri-apps/cli-linux-x64-gnu/-/cli-linux-x64-gnu-2.11.5.tgz",
      "integrity": "sha512-Xz1s87gFjZJZMQKAhLa77YeiCJM6yVog3f9OxDgVd/KxDIoB1dA5V2xOnMM+SRkOGk9juwIBqesVAjV0kUB0DA==",
      "cpu": [
        "x64"
      ],
      "dev": true,
      "license": "Apache-2.0 OR MIT",
      "optional": true,
      "os": [
        "linux"
      ],
      "engines": {
        "node": ">= 10"
      }
    },
    "node_modules/@tauri-apps/cli-linux-x64-musl": {
      "version": "2.11.5",
      "resolved": "https://registry.npmjs.org/@tauri-apps/cli-linux-x64-musl/-/cli-linux-x64-musl-2.11.5.tgz",
      "integrity": "sha512-6A88wqAZXZHgMaBrGiy/Bpa4GgUnftXM7uquKOeOXCuK78/XdBxEECicK/1oHgrT179XBFOaA6lQEHysjRmGig==",
      "cpu": [
        "x64"
      ],
      "dev": true,
      "license": "Apache-2.0 OR MIT",
      "optional": true,
      "os": [
        "linux"
      ],
      "engines": {
        "node": ">= 10"
      }
    },
    "node_modules/@tauri-apps/cli-win32-arm64-msvc": {
      "version": "2.11.5",
      "resolved": "https://registry.npmjs.org/@tauri-apps/cli-win32-arm64-msvc/-/cli-win32-arm64-msvc-2.11.5.tgz",
      "integrity": "sha512-sRGgF/ObRfLcS3PtUdyTbJtkGq3E+PNZTknvAURwMNUtHw9DU/BF6S5si43y9lS5yEO9bWJCA+GGYvnn6cphQw==",
      "cpu": [
        "arm64"
      ],
      "dev": true,
      "license": "Apache-2.0 OR MIT",
      "optional": true,
      "os": [
        "win32"
      ],
      "engines": {
        "node": ">= 10"
      }
    },
    "node_modules/@tauri-apps/cli-win32-ia32-msvc": {
      "version": "2.11.5",
      "resolved": "https://registry.npmjs.org/@tauri-apps/cli-win32-ia32-msvc/-/cli-win32-ia32-msvc-2.11.5.tgz",
      "integrity": "sha512-bHOv/yxqfKpI7ioIFQi5wOfZ7jkbPzJD/UhXY52I/hrmE3qNh71cohIPyqZB5GQn3LZeJWdCUOqmIg/w6XX+Wg==",
      "cpu": [
        "ia32"
      ],
      "dev": true,
      "license": "Apache-2.0 OR MIT",
      "optional": true,
      "os": [
        "win32"
      ],
      "engines": {
        "node": ">= 10"
      }
    },
    "node_modules/@tauri-apps/cli-win32-x64-msvc": {
      "version": "2.11.5",
      "resolved": "https://registry.npmjs.org/@tauri-apps/cli-win32-x64-msvc/-/cli-win32-x64-msvc-2.11.5.tgz",
      "integrity": "sha512-vaaOmavqdCeS7oMib2banBZemgrC5v54tSkwoBV+bxrXQZhQZrOwE2EO2i4x+CHNtvQUM/6bSs3iymZMAsycWg==",
      "cpu": [
        "x64"
      ],
      "dev": true,
      "license": "Apache-2.0 OR MIT",
      "optional": true,
      "os": [
        "win32"
      ],
      "engines": {
        "node": ">= 10"
      }
    },
    "node_modules/pdfjs-dist": {
      "version": "4.10.38",
      "resolved": "https://registry.npmjs.org/pdfjs-dist/-/pdfjs-dist-4.10.38.tgz",
      "integrity": "sha512-/Y3fcFrXEAsMjJXeL9J8+ZG9U01LbuWaYypvDW2ycW1jL269L3js3DVBjDJ0Up9Np1uqDXsDrRihHANhZOlwdQ==",
      "dev": true,
      "license": "Apache-2.0",
      "engines": {
        "node": ">=20"
      },
      "optionalDependencies": {
        "@napi-rs/canvas": "^0.1.65"
      }
    }
  }
}
